
Microsoft Visual Studio Solution File, Format Version 12.00
# Visual Studio Version 16
VisualStudioVersion = 16.0.29102.190
MinimumVisualStudioVersion = 10.0.40219.1
Project("{FAE04EC0-301F-11D3-BF4B-00C04F79EFBC}") = "OpenAPITest", "OpenAPITest\OpenAPITest.csproj", "{DFD920A1-5FA1-4598-A5A2-97A4A35ECB0A}"
EndProject
Global
	GlobalSection(SolutionConfigurationPlatforms) = preSolution
		Debug|Any CPU = Debug|Any CPU
		Release|Any CPU = Release|Any CPU
	EndGlobalSection
	GlobalSection(ProjectConfigurationPlatforms) = postSolution
		{DFD920A1-5FA1-4598-A5A2-97A4A35ECB0A}.Debug|Any CPU.ActiveCfg = Debug|Any CPU
		{DFD920A1-5FA1-4598-A5A2-97A4A35ECB0A}.Debug|Any CPU.Build.0 = Debug|Any CPU
		{DFD920A1-5FA1-4598-A5A2-97A4A35ECB0A}.Release|Any CPU.ActiveCfg = Release|Any CPU
		{DFD920A1-5FA1-4598-A5A2-97A4A35ECB0A}.Release|Any CPU.Build.0 = Release|Any CPU
	EndGlobalSection
	GlobalSection(SolutionProperties) = preSolution
		HideSolutionNode = FALSE
	EndGlobalSection
	GlobalSection(ExtensibilityGlobals) = postSolution
		SolutionGuid = {01626A63-6F93-4F86-9E9B-96EA34647EF1}
	EndGlobalSection
EndGlobal
